
Microsoft Visual Studio Solution File, Format Version 12.00
# Visual Studio Version 17
VisualStudioVersion = 17.12.35527.113 d17.12
MinimumVisualStudioVersion = 10.0.40219.1
Project("{FAE04EC0-301F-11D3-BF4B-00C04F79EFBC}") = "C43-G05-OOP04", "C43-G05-OOP04\C43-G05-OOP04.csproj", "{BB67EDB8-CD61-4116-86B5-5BB6357D8392}"
EndProject
Global
	GlobalSection(SolutionConfigurationPlatforms) = preSolution
		Debug|Any CPU = Debug|Any CPU
		Release|Any CPU = Release|Any CPU
	EndGlobalSection
	GlobalSection(ProjectConfigurationPlatforms) = postSolution
		{BB67EDB8-CD61-4116-86B5-5BB6357D8392}.Debug|Any CPU.ActiveCfg = Debug|Any CPU
		{BB67EDB8-CD61-4116-86B5-5BB6357D8392}.Debug|Any CPU.Build.0 = Debug|Any CPU
		{BB67EDB8-CD61-4116-86B5-5BB6357D8392}.Release|Any CPU.ActiveCfg = Release|Any CPU
		{BB67EDB8-CD61-4116-86B5-5BB6357D8392}.Release|Any CPU.Build.0 = Release|Any CPU
	EndGlobalSection
	GlobalSection(SolutionProperties) = preSolution
		HideSolutionNode = FALSE
	EndGlobalSection
EndGlobal
